
Microsoft Visual Studio Solution File, Format Version 12.00
# Visual Studio Version 17
VisualStudioVersion = 17.6.33829.357
MinimumVisualStudioVersion = 10.0.40219.1
Project("{888888A0-9F3D-457C-B088-3A5042F75D52}") = "PyPermitSignsConverter", "PyPermitSignsConverter.pyproj", "{A9C7DFA7-7C7A-4F21-905F-E3EE4889CB85}"
EndProject
Global
	GlobalSection(SolutionConfigurationPlatforms) = preSolution
		Debug|Any CPU = Debug|Any CPU
		Release|Any CPU = Release|Any CPU
	EndGlobalSection
	GlobalSection(ProjectConfigurationPlatforms) = postSolution
		{A9C7DFA7-7C7A-4F21-905F-E3EE4889CB85}.Debug|Any CPU.ActiveCfg = Debug|Any CPU
		{A9C7DFA7-7C7A-4F21-905F-E3EE4889CB85}.Release|Any CPU.ActiveCfg = Release|Any CPU
	EndGlobalSection
	GlobalSection(SolutionProperties) = preSolution
		HideSolutionNode = FALSE
	EndGlobalSection
	GlobalSection(ExtensibilityGlobals) = postSolution
		SolutionGuid = {3B67B672-FFBD-490D-BBD1-EF4A9A0B4D9D}
	EndGlobalSection
EndGlobal
